
Microsoft Visual Studio Solution File, Format Version 12.00
# Visual Studio Version 17
VisualStudioVersion = 17.14.36511.14 d17.14
MinimumVisualStudioVersion = 10.0.40219.1
Project("{FAE04EC0-301F-11D3-BF4B-00C04F79EFBC}") = "WebAPITests", "WebAPITests.csproj", "{484745AE-415B-4564-B56A-733B120935E8}"
EndProject
Global
	GlobalSection(SolutionConfigurationPlatforms) = preSolution
		Debug|Any CPU = Debug|Any CPU
		Release|Any CPU = Release|Any CPU
	EndGlobalSection
	GlobalSection(ProjectConfigurationPlatforms) = postSolution
		{484745AE-415B-4564-B56A-733B120935E8}.Debug|Any CPU.ActiveCfg = Debug|Any CPU
		{484745AE-415B-4564-B56A-733B120935E8}.Debug|Any CPU.Build.0 = Debug|Any CPU
		{484745AE-415B-4564-B56A-733B120935E8}.Release|Any CPU.ActiveCfg = Release|Any CPU
		{484745AE-415B-4564-B56A-733B120935E8}.Release|Any CPU.Build.0 = Release|Any CPU
	EndGlobalSection
	GlobalSection(SolutionProperties) = preSolution
		HideSolutionNode = FALSE
	EndGlobalSection
	GlobalSection(ExtensibilityGlobals) = postSolution
		SolutionGuid = {8E00CC57-9711-458B-9B9D-5B13823F2101}
	EndGlobalSection
EndGlobal
